// !$*UTF8*$!
{
	archiveVersion = 1;
	classes = {
	};
	objectVersion = 46;
	objects = {

/* Begin PBXBuildFile section */
		1D3623260D0F684500981E51 /* SampleForCodingAppDelegate.m in Sources */ = {isa = PBXBuildFile; fileRef = 1D3623250D0F684500981E51 /* SampleForCodingAppDelegate.m */; };
		1D60589B0D05DD56006BFB54 /* main.m in Sources */ = {isa = PBXBuildFile; fileRef = 29B97316FDCFA39411CA2CEA /* main.m */; };
		1D60589F0D05DD5A006BFB54 /* Foundation.framework in Frameworks */ = {isa = PBXBuildFile; fileRef = 1D30AB110D05D00D00671497 /* Foundation.framework */; };
		1DF5F4E00D08C38300B7A737 /* UIKit.framework in Frameworks */ = {isa = PBXBuildFile; fileRef = 1DF5F4DF0D08C38300B7A737 /* UIKit.framework */; };
		288765A50DF7441C002DB57D /* CoreGraphics.framework in Frameworks */ = {isa = PBXBuildFile; fileRef = 288765A40DF7441C002DB57D /* CoreGraphics.framework */; };
		2899E5220DE3E06400AC0155 /* SampleForCodingViewController.xib in Resources */ = {isa = PBXBuildFile; fileRef = 2899E5210DE3E06400AC0155 /* SampleForCodingViewController.xib */; };
		28AD733F0D9D9553002E5188 /* MainWindow.xib in Resources */ = {isa = PBXBuildFile; fileRef = 28AD733E0D9D9553002E5188 /* MainWindow.xib */; };
		28D7ACF80DDB3853001CB0EB /* SampleForCodingViewController.m in Sources */ = {isa = PBXBuildFile; fileRef = 28D7ACF70DDB3853001CB0EB /* SampleForCodingViewController.m */; };
		7A604BAA13790D7A005FED5A /* libxml2.dylib in Frameworks */ = {isa = PBXBuildFile; fileRef = 7A604BA913790D7A005FED5A /* libxml2.dylib */; };
		7A604BB413790DBF005FED5A /* libsqlite3.dylib in Frameworks */ = {isa = PBXBuildFile; fileRef = 7A604BB313790DBF005FED5A /* libsqlite3.dylib */; };
		7AB5CAEC1353274200087AF9 /* SystemConfiguration.framework in Frameworks */ = {isa = PBXBuildFile; fileRef = 7AB5CAEB1353274200087AF9 /* SystemConfiguration.framework */; };
		B78119971844981D00643E80 /* Default-568h@2x.png in Resources */ = {isa = PBXBuildFile; fileRef = B78119951844981D00643E80 /* Default-568h@2x.png */; };
		B78119981844981D00643E80 /* Default@2x.png in Resources */ = {isa = PBXBuildFile; fileRef = B78119961844981D00643E80 /* Default@2x.png */; };
		B7ED88DF1844C11A007ACBE6 /* libFluctSDK.a in Frameworks */ = {isa = PBXBuildFile; fileRef = B7ED88DE1844C11A007ACBE6 /* libFluctSDK.a */; };
		BE0E832F13B84F7C006A1571 /* Default.png in Resources */ = {isa = PBXBuildFile; fileRef = BE0E832E13B84F7C006A1571 /* Default.png */; };
		BEB0AB2514224CCF004694AE /* AnotherViewController.m in Sources */ = {isa = PBXBuildFile; fileRef = BEB0AB2414224CCF004694AE /* AnotherViewController.m */; };
		BEB0AB2814224DDE004694AE /* AnotherViewController.xib in Resources */ = {isa = PBXBuildFile; fileRef = BEB0AB2714224DDE004694AE /* AnotherViewController.xib */; };
/* End PBXBuildFile section */

/* Begin PBXFileReference section */
		1D30AB110D05D00D00671497 /* Foundation.framework */ = {isa = PBXFileReference; lastKnownFileType = wrapper.framework; name = Foundation.framework; path = System/Library/Frameworks/Foundation.framework; sourceTree = SDKROOT; };
		1D3623240D0F684500981E51 /* SampleForCodingAppDelegate.h */ = {isa = PBXFileReference; fileEncoding = 4; lastKnownFileType = sourcecode.c.h; path = SampleForCodingAppDelegate.h; sourceTree = "<group>"; };
		1D3623250D0F684500981E51 /* SampleForCodingAppDelegate.m */ = {isa = PBXFileReference; fileEncoding = 4; lastKnownFileType = sourcecode.c.objc; path = SampleForCodingAppDelegate.m; sourceTree = "<group>"; };
		1D6058910D05DD3D006BFB54 /* SampleForCoding.app */ = {isa = PBXFileReference; explicitFileType = wrapper.application; includeInIndex = 0; path = SampleForCoding.app; sourceTree = BUILT_PRODUCTS_DIR; };
		1DF5F4DF0D08C38300B7A737 /* UIKit.framework */ = {isa = PBXFileReference; lastKnownFileType = wrapper.framework; name = UIKit.framework; path = System/Library/Frameworks/UIKit.framework; sourceTree = SDKROOT; };
		288765A40DF7441C002DB57D /* CoreGraphics.framework */ = {isa = PBXFileReference; lastKnownFileType = wrapper.framework; name = CoreGraphics.framework; path = System/Library/Frameworks/CoreGraphics.framework; sourceTree = SDKROOT; };
		2899E5210DE3E06400AC0155 /* SampleForCodingViewController.xib */ = {isa = PBXFileReference; lastKnownFileType = file.xib; path = SampleForCodingViewController.xib; sourceTree = "<group>"; };
		28AD733E0D9D9553002E5188 /* MainWindow.xib */ = {isa = PBXFileReference; lastKnownFileType = file.xib; path = MainWindow.xib; sourceTree = "<group>"; };
		28D7ACF60DDB3853001CB0EB /* SampleForCodingViewController.h */ = {isa = PBXFileReference; fileEncoding = 4; lastKnownFileType = sourcecode.c.h; path = SampleForCodingViewController.h; sourceTree = "<group>"; };
		28D7ACF70DDB3853001CB0EB /* SampleForCodingViewController.m */ = {isa = PBXFileReference; fileEncoding = 4; lastKnownFileType = sourcecode.c.objc; path = SampleForCodingViewController.m; sourceTree = "<group>"; };
		29B97316FDCFA39411CA2CEA /* main.m */ = {isa = PBXFileReference; fileEncoding = 4; lastKnownFileType = sourcecode.c.objc; path = main.m; sourceTree = "<group>"; };
		32CA4F630368D1EE00C91783 /* SampleForCoding_Prefix.pch */ = {isa = PBXFileReference; fileEncoding = 4; lastKnownFileType = sourcecode.c.h; path = SampleForCoding_Prefix.pch; sourceTree = "<group>"; };
		7A604BA913790D7A005FED5A /* libxml2.dylib */ = {isa = PBXFileReference; lastKnownFileType = "compiled.mach-o.dylib"; name = libxml2.dylib; path = usr/lib/libxml2.dylib; sourceTree = SDKROOT; };
		7A604BB313790DBF005FED5A /* libsqlite3.dylib */ = {isa = PBXFileReference; lastKnownFileType = "compiled.mach-o.dylib"; name = libsqlite3.dylib; path = usr/lib/libsqlite3.dylib; sourceTree = SDKROOT; };
		7AB5CAEB1353274200087AF9 /* SystemConfiguration.framework */ = {isa = PBXFileReference; lastKnownFileType = wrapper.framework; name = SystemConfiguration.framework; path = System/Library/Frameworks/SystemConfiguration.framework; sourceTree = SDKROOT; };
		8D1107310486CEB800E47090 /* SampleForCoding-Info.plist */ = {isa = PBXFileReference; fileEncoding = 4; lastKnownFileType = text.plist.xml; path = "SampleForCoding-Info.plist"; plistStructureDefinitionIdentifier = "com.apple.xcode.plist.structure-definition.iphone.info-plist"; sourceTree = "<group>"; };
		B78119951844981D00643E80 /* Default-568h@2x.png */ = {isa = PBXFileReference; lastKnownFileType = image.png; path = "Default-568h@2x.png"; sourceTree = "<group>"; };
		B78119961844981D00643E80 /* Default@2x.png */ = {isa = PBXFileReference; lastKnownFileType = image.png; path = "Default@2x.png"; sourceTree = "<group>"; };
		B7ED88DE1844C11A007ACBE6 /* libFluctSDK.a */ = {isa = PBXFileReference; lastKnownFileType = archive.ar; name = libFluctSDK.a; path = Resources/lib/libFluctSDK.a; sourceTree = "<group>"; };
		B7ED88E71844C217007ACBE6 /* FluctBannerView.h */ = {isa = PBXFileReference; fileEncoding = 4; lastKnownFileType = sourcecode.c.h; path = FluctBannerView.h; sourceTree = "<group>"; };
		B7ED88E81844C217007ACBE6 /* FluctInterstitialView.h */ = {isa = PBXFileReference; fileEncoding = 4; lastKnownFileType = sourcecode.c.h; path = FluctInterstitialView.h; sourceTree = "<group>"; };
		B7ED88E91844C217007ACBE6 /* FluctSDK.h */ = {isa = PBXFileReference; fileEncoding = 4; lastKnownFileType = sourcecode.c.h; path = FluctSDK.h; sourceTree = "<group>"; };
		B7ED88EA1844C217007ACBE6 /* libFluctSDK.a */ = {isa = PBXFileReference; lastKnownFileType = archive.ar; path = libFluctSDK.a; sourceTree = "<group>"; };
		BE0E832E13B84F7C006A1571 /* Default.png */ = {isa = PBXFileReference; lastKnownFileType = image.png; path = Default.png; sourceTree = "<group>"; };
		BEB0AB2314224CCF004694AE /* AnotherViewController.h */ = {isa = PBXFileReference; fileEncoding = 4; lastKnownFileType = sourcecode.c.h; path = AnotherViewController.h; sourceTree = "<group>"; };
		BEB0AB2414224CCF004694AE /* AnotherViewController.m */ = {isa = PBXFileReference; fileEncoding = 4; lastKnownFileType = sourcecode.c.objc; path = AnotherViewController.m; sourceTree = "<group>"; };
		BEB0AB2714224DDE004694AE /* AnotherViewController.xib */ = {isa = PBXFileReference; fileEncoding = 4; lastKnownFileType = file.xib; path = AnotherViewController.xib; sourceTree = "<group>"; };
/* End PBXFileReference section */

/* Begin PBXFrameworksBuildPhase section */
		1D60588F0D05DD3D006BFB54 /* Frameworks */ = {
			isa = PBXFrameworksBuildPhase;
			buildActionMask = 2147483647;
			files = (
				B7ED88DF1844C11A007ACBE6 /* libFluctSDK.a in Frameworks */,
				1D60589F0D05DD5A006BFB54 /* Foundation.framework in Frameworks */,
				1DF5F4E00D08C38300B7A737 /* UIKit.framework in Frameworks */,
				288765A50DF7441C002DB57D /* CoreGraphics.framework in Frameworks */,
				7AB5CAEC1353274200087AF9 /* SystemConfiguration.framework in Frameworks */,
				7A604BAA13790D7A005FED5A /* libxml2.dylib in Frameworks */,
				7A604BB413790DBF005FED5A /* libsqlite3.dylib in Frameworks */,
			);
			runOnlyForDeploymentPostprocessing = 0;
		};
/* End PBXFrameworksBuildPhase section */

/* Begin PBXGroup section */
		080E96DDFE201D6D7F000001 /* Classes */ = {
			isa = PBXGroup;
			children = (
				1D3623240D0F684500981E51 /* SampleForCodingAppDelegate.h */,
				1D3623250D0F684500981E51 /* SampleForCodingAppDelegate.m */,
				28D7ACF60DDB3853001CB0EB /* SampleForCodingViewController.h */,
				28D7ACF70DDB3853001CB0EB /* SampleForCodingViewController.m */,
				BEB0AB2314224CCF004694AE /* AnotherViewController.h */,
				BEB0AB2414224CCF004694AE /* AnotherViewController.m */,
			);
			path = Classes;
			sourceTree = "<group>";
		};
		19C28FACFE9D520D11CA2CBB /* Products */ = {
			isa = PBXGroup;
			children = (
				1D6058910D05DD3D006BFB54 /* SampleForCoding.app */,
			);
			name = Products;
			sourceTree = "<group>";
		};
		29B97314FDCFA39411CA2CEA /* CustomTemplate */ = {
			isa = PBXGroup;
			children = (
				080E96DDFE201D6D7F000001 /* Classes */,
				29B97315FDCFA39411CA2CEA /* Other Sources */,
				29B97317FDCFA39411CA2CEA /* Resources */,
				29B97323FDCFA39411CA2CEA /* Frameworks */,
				19C28FACFE9D520D11CA2CBB /* Products */,
			);
			name = CustomTemplate;
			sourceTree = "<group>";
		};
		29B97315FDCFA39411CA2CEA /* Other Sources */ = {
			isa = PBXGroup;
			children = (
				32CA4F630368D1EE00C91783 /* SampleForCoding_Prefix.pch */,
				29B97316FDCFA39411CA2CEA /* main.m */,
			);
			name = "Other Sources";
			sourceTree = "<group>";
		};
		29B97317FDCFA39411CA2CEA /* Resources */ = {
			isa = PBXGroup;
			children = (
				B7ED88E61844C217007ACBE6 /* libs */,
				2899E5210DE3E06400AC0155 /* SampleForCodingViewController.xib */,
				BEB0AB2714224DDE004694AE /* AnotherViewController.xib */,
				28AD733E0D9D9553002E5188 /* MainWindow.xib */,
				B78119951844981D00643E80 /* Default-568h@2x.png */,
				B78119961844981D00643E80 /* Default@2x.png */,
				BE0E832E13B84F7C006A1571 /* Default.png */,
				8D1107310486CEB800E47090 /* SampleForCoding-Info.plist */,
			);
			path = Resources;
			sourceTree = "<group>";
		};
		29B97323FDCFA39411CA2CEA /* Frameworks */ = {
			isa = PBXGroup;
			children = (
				B7ED88DE1844C11A007ACBE6 /* libFluctSDK.a */,
				1DF5F4DF0D08C38300B7A737 /* UIKit.framework */,
				1D30AB110D05D00D00671497 /* Foundation.framework */,
				288765A40DF7441C002DB57D /* CoreGraphics.framework */,
				7AB5CAEB1353274200087AF9 /* SystemConfiguration.framework */,
				7A604BA913790D7A005FED5A /* libxml2.dylib */,
				7A604BB313790DBF005FED5A /* libsqlite3.dylib */,
			);
			name = Frameworks;
			sourceTree = "<group>";
		};
		B7ED88E61844C217007ACBE6 /* libs */ = {
			isa = PBXGroup;
			children = (
				B7ED88E71844C217007ACBE6 /* FluctBannerView.h */,
				B7ED88E81844C217007ACBE6 /* FluctInterstitialView.h */,
				B7ED88E91844C217007ACBE6 /* FluctSDK.h */,
				B7ED88EA1844C217007ACBE6 /* libFluctSDK.a */,
			);
			name = libs;
			path = lib;
			sourceTree = "<group>";
		};
/* End PBXGroup section */

/* Begin PBXNativeTarget section */
		1D6058900D05DD3D006BFB54 /* SampleForCoding */ = {
			isa = PBXNativeTarget;
			buildConfigurationList = 1D6058960D05DD3E006BFB54 /* Build configuration list for PBXNativeTarget "SampleForCoding" */;
			buildPhases = (
				1D60588D0D05DD3D006BFB54 /* Resources */,
				1D60588E0D05DD3D006BFB54 /* Sources */,
				1D60588F0D05DD3D006BFB54 /* Frameworks */,
			);
			buildRules = (
			);
			dependencies = (
			);
			name = SampleForCoding;
			productName = SampleForCoding;
			productReference = 1D6058910D05DD3D006BFB54 /* SampleForCoding.app */;
			productType = "com.apple.product-type.application";
		};
/* End PBXNativeTarget section */

/* Begin PBXProject section */
		29B97313FDCFA39411CA2CEA /* Project object */ = {
			isa = PBXProject;
			attributes = {
				LastUpgradeCheck = 0510;
			};
			buildConfigurationList = C01FCF4E08A954540054247B /* Build configuration list for PBXProject "SampleForCoding" */;
			compatibilityVersion = "Xcode 3.2";
			developmentRegion = English;
			hasScannedForEncodings = 1;
			knownRegions = (
				English,
				Japanese,
				French,
				German,
			);
			mainGroup = 29B97314FDCFA39411CA2CEA /* CustomTemplate */;
			projectDirPath = "";
			projectRoot = "";
			targets = (
				1D6058900D05DD3D006BFB54 /* SampleForCoding */,
			);
		};
/* End PBXProject section */

/* Begin PBXResourcesBuildPhase section */
		1D60588D0D05DD3D006BFB54 /* Resources */ = {
			isa = PBXResourcesBuildPhase;
			buildActionMask = 2147483647;
			files = (
				28AD733F0D9D9553002E5188 /* MainWindow.xib in Resources */,
				2899E5220DE3E06400AC0155 /* SampleForCodingViewController.xib in Resources */,
				BE0E832F13B84F7C006A1571 /* Default.png in Resources */,
				BEB0AB2814224DDE004694AE /* AnotherViewController.xib in Resources */,
				B78119971844981D00643E80 /* Default-568h@2x.png in Resources */,
				B78119981844981D00643E80 /* Default@2x.png in Resources */,
			);
			runOnlyForDeploymentPostprocessing = 0;
		};
/* End PBXResourcesBuildPhase section */

/* Begin PBXSourcesBuildPhase section */
		1D60588E0D05DD3D006BFB54 /* Sources */ = {
			isa = PBXSourcesBuildPhase;
			buildActionMask = 2147483647;
			files = (
				1D60589B0D05DD56006BFB54 /* main.m in Sources */,
				1D3623260D0F684500981E51 /* SampleForCodingAppDelegate.m in Sources */,
				28D7ACF80DDB3853001CB0EB /* SampleForCodingViewController.m in Sources */,
				BEB0AB2514224CCF004694AE /* AnotherViewController.m in Sources */,
			);
			runOnlyForDeploymentPostprocessing = 0;
		};
/* End PBXSourcesBuildPhase section */

/* Begin XCBuildConfiguration section */
		1D6058940D05DD3E006BFB54 /* Debug */ = {
			isa = XCBuildConfiguration;
			buildSettings = {
				ALWAYS_SEARCH_USER_PATHS = NO;
				"CODE_SIGN_IDENTITY[sdk=iphoneos*]" = "iPhone Developer";
				COPY_PHASE_STRIP = NO;
				GCC_DYNAMIC_NO_PIC = NO;
				GCC_OPTIMIZATION_LEVEL = 0;
				GCC_PRECOMPILE_PREFIX_HEADER = YES;
				GCC_PREFIX_HEADER = SampleForCoding_Prefix.pch;
				INFOPLIST_FILE = "Resources/SampleForCoding-Info.plist";
				LIBRARY_SEARCH_PATHS = (
					"$(inherited)",
					"\"$(SRCROOT)/Resources/lib\"",
				);
				OTHER_LDFLAGS = (
					"-ObjC",
					"-all_load",
					"-force_load",
					"\"$(SRCROOT)/Resources/lib/libFluctSDK.a\"",
				);
				PRODUCT_NAME = SampleForCoding;
				"PROVISIONING_PROFILE[sdk=iphoneos*]" = "";
				SDKROOT = iphoneos;
				TARGETED_DEVICE_FAMILY = "1,2";
			};
			name = Debug;
		};
		1D6058950D05DD3E006BFB54 /* Release */ = {
			isa = XCBuildConfiguration;
			buildSettings = {
				ALWAYS_SEARCH_USER_PATHS = NO;
				"CODE_SIGN_IDENTITY[sdk=*]" = "Don't Code Sign";
				COPY_PHASE_STRIP = YES;
				GCC_PRECOMPILE_PREFIX_HEADER = YES;
				GCC_PREFIX_HEADER = SampleForCoding_Prefix.pch;
				INFOPLIST_FILE = "Resources/SampleForCoding-Info.plist";
				LIBRARY_SEARCH_PATHS = (
					"$(inherited)",
					"\"$(SRCROOT)/Resources/lib\"",
				);
				OTHER_LDFLAGS = (
					"-ObjC",
					"-all_load",
					"-force_load",
					"\"$(SRCROOT)/Resources/lib/libFluctSDK.a\"",
				);
				PRODUCT_NAME = SampleForCoding;
				"PROVISIONING_PROFILE[sdk=*]" = "";
				SDKROOT = iphoneos;
				TARGETED_DEVICE_FAMILY = "1,2";
				VALIDATE_PRODUCT = YES;
			};
			name = Release;
		};
		C01FCF4F08A954540054247B /* Debug */ = {
			isa = XCBuildConfiguration;
			buildSettings = {
				ARCHS = (
					armv7s,
					armv7,
				);
				"CODE_SIGN_IDENTITY[sdk=iphoneos*]" = "iPhone Developer";
				GCC_C_LANGUAGE_STANDARD = c99;
				GCC_WARN_ABOUT_RETURN_TYPE = YES;
				GCC_WARN_UNUSED_VARIABLE = YES;
				IPHONEOS_DEPLOYMENT_TARGET = 4.3;
				ONLY_ACTIVE_ARCH = YES;
				OTHER_CFLAGS = "-lsqlite3";
				OTHER_LDFLAGS = "";
				PREBINDING = NO;
				SDKROOT = iphoneos;
				VALID_ARCHS = "armv7 armv7s";
			};
			name = Debug;
		};
		C01FCF5008A954540054247B /* Release */ = {
			isa = XCBuildConfiguration;
			buildSettings = {
				ARCHS = (
					armv7s,
					armv7,
				);
				"CODE_SIGN_IDENTITY[sdk=iphoneos*]" = "iPhone Developer";
				GCC_C_LANGUAGE_STANDARD = c99;
				GCC_WARN_ABOUT_RETURN_TYPE = YES;
				GCC_WARN_UNUSED_VARIABLE = YES;
				IPHONEOS_DEPLOYMENT_TARGET = 4.3;
				OTHER_CFLAGS = "-lsqlite3";
				OTHER_LDFLAGS = "";
				PREBINDING = NO;
				SDKROOT = iphoneos;
				VALID_ARCHS = "armv7 armv7s";
			};
			name = Release;
		};
/* End XCBuildConfiguration section */

/* Begin XCConfigurationList section */
		1D6058960D05DD3E006BFB54 /* Build configuration list for PBXNativeTarget "SampleForCoding" */ = {
			isa = XCConfigurationList;
			buildConfigurations = (
				1D6058940D05DD3E006BFB54 /* Debug */,
				1D6058950D05DD3E006BFB54 /* Release */,
			);
			defaultConfigurationIsVisible = 0;
			defaultConfigurationName = Release;
		};
		C01FCF4E08A954540054247B /* Build configuration list for PBXProject "SampleForCoding" */ = {
			isa = XCConfigurationList;
			buildConfigurations = (
				C01FCF4F08A954540054247B /* Debug */,
				C01FCF5008A954540054247B /* Release */,
			);
			defaultConfigurationIsVisible = 0;
			defaultConfigurationName = Release;
		};
/* End XCConfigurationList section */
	};
	rootObject = 29B97313FDCFA39411CA2CEA /* Project object */;
}
